
Microsoft Visual Studio Solution File, Format Version 12.00
# Visual Studio 2013
VisualStudioVersion = 12.0.40629.0
MinimumVisualStudioVersion = 10.0.40219.1
Project("{8BC9CEB8-8B4A-11D0-8D11-00A0C91BC942}") = "STM32F100VLDiscoveryCmsisTrainging", "STM32F100VLDiscoveryCmsisTrainging\STM32F100VLDiscoveryCmsisTrainging.vcxproj", "{A0ACAAFA-8DC6-4932-845F-21BFE90C82A2}"
EndProject
Global
	GlobalSection(SolutionConfigurationPlatforms) = preSolution
		Debug|VisualGDB = Debug|VisualGDB
		Release|VisualGDB = Release|VisualGDB
	EndGlobalSection
	GlobalSection(ProjectConfigurationPlatforms) = postSolution
		{A0ACAAFA-8DC6-4932-845F-21BFE90C82A2}.Debug|VisualGDB.ActiveCfg = Debug|VisualGDB
		{A0ACAAFA-8DC6-4932-845F-21BFE90C82A2}.Debug|VisualGDB.Build.0 = Debug|VisualGDB
		{A0ACAAFA-8DC6-4932-845F-21BFE90C82A2}.Release|VisualGDB.ActiveCfg = Release|VisualGDB
		{A0ACAAFA-8DC6-4932-845F-21BFE90C82A2}.Release|VisualGDB.Build.0 = Release|VisualGDB
	EndGlobalSection
	GlobalSection(SolutionProperties) = preSolution
		HideSolutionNode = FALSE
	EndGlobalSection
EndGlobal
